PODS:
  - Alamofire (3.4.2)
  - AlamofireImage (2.4.1):
    - Alamofire (~> 3.3)
  - AlamofireNetworkActivityIndicator (1.0.1):
    - Alamofire (~> 3.3)
  - CocoaAsyncSocket (7.5.0):
    - CocoaAsyncSocket/GCD (= 7.5.0)
  - CocoaAsyncSocket/GCD (7.5.0)
  - EDStarRating (1.1)
  - FMDB (2.6.2):
    - FMDB/standard (= 2.6.2)
  - FMDB/standard (2.6.2)
  - GRMustache.swift (1.0.1)
  - JSPatch (1.1):
    - JSPatch/Core (= 1.1)
  - JSPatch/Core (1.1)
  - Masonry (1.0.1)
  - Nimble (4.1.0)
  - ObjectMapper (1.1.5)
  - OHHTTPStubs (5.2.0):
    - OHHTTPStubs/Default (= 5.2.0)
  - OHHTTPStubs/Core (5.2.0)
  - OHHTTPStubs/Default (5.2.0):
    - OHHTTPStubs/Core
    - OHHTTPStubs/JSON
    - OHHTTPStubs/NSURLSession
    - OHHTTPStubs/OHPathHelpers
  - OHHTTPStubs/JSON (5.2.0):
    - OHHTTPStubs/Core
  - OHHTTPStubs/NSURLSession (5.2.0):
    - OHHTTPStubs/Core
  - OHHTTPStubs/OHPathHelpers (5.2.0)
  - OHHTTPStubs/Swift (5.2.0):
    - OHHTTPStubs/Core
  - Quick (0.9.3)
  - Realm (1.0.2):
    - Realm/Headers (= 1.0.2)
  - Realm/Headers (1.0.2)
  - RealmSwift (1.0.2):
    - Realm (= 1.0.2)
  - RxBlocking (2.1.0):
    - RxSwift (~> 2.0)
  - RxCocoa (2.1.0):
    - RxSwift (~> 2.0)
  - RxSwift (2.0.0)
  - SDWebImage (3.8.1):
    - SDWebImage/Core (= 3.8.1)
  - SDWebImage/Core (3.8.1)
  - SnapKit (0.20.0)
  - SwiftFilePath (0.0.6)

DEPENDENCIES:
  - Alamofire (~> 3.0)
  - AlamofireImage (~> 2.0)
  - AlamofireNetworkActivityIndicator (~> 1.0)
  - CocoaAsyncSocket
  - EDStarRating
  - FMDB
  - GRMustache.swift (~> 1.0)
  - JSPatch
  - Masonry
  - Nimble
  - ObjectMapper (= 1.1.5)
  - OHHTTPStubs
  - OHHTTPStubs/Swift
  - Quick
  - RealmSwift (~> 1.0.1)
  - RxBlocking (~> 2.0)
  - RxCocoa (~> 2.0)
  - RxSwift (~> 2.0.0)
  - SDWebImage (~> 3.7)
  - SnapKit (~> 0.20.0)
  - SwiftFilePath

SPEC CHECKSUMS:
  Alamofire: 6aa33201d20d069e1598891cf928883ff1888c7a
  AlamofireImage: 3ccf3347d9ea24580dc11fb892770a0be6a29826
  AlamofireNetworkActivityIndicator: 49a6e39afb947136f7b1872bae2d684957c26697
  CocoaAsyncSocket: 3baeb1ddd969f81cf9fca81053ae49ef2d1cbbfa
  EDStarRating: a41a6440a945020745d0e9ff8ada7d1afa952114
  FMDB: 854a0341b4726e53276f2a8996f06f1b80f9259a
  GRMustache.swift: 36a9a277311f6492b7b2c50b0458812df06899a4
  JSPatch: ade285ad1d8f06146ed6054a39cef87509453299
  Masonry: a1a931a0d08870ed8ae415a2ea5ea68ebcac77df
  Nimble: 97a0a4cae5124c117115634b2d055d8c97d0af19
  ObjectMapper: 528b1a6677a6acac7747edd508576983e76a9148
  OHHTTPStubs: 29ae105797c3410112d10b217c8b7a55aab616b2
  Quick: 13a2a2b19a5d8e3ed4fd0c36ee46597fd77ebf71
  Realm: 9d5c46a4d7d27958530a8dfc58f63a99e5c2cba3
  RealmSwift: 82f3ac5e24530143dddfde2033acc0d308f27d96
  RxBlocking: fa297def258d85c5beae9ed507f94645260b3747
  RxCocoa: 79b5feb8378545336e756a0a33fcf5e95050b71c
  RxSwift: d83246efa6f16c50c143bec134649d045498f601
  SDWebImage: 35f9627a3e44b4f292a8a8ce6a531fa488239b91
  SnapKit: 5fce3c1bbbf1fbd31de9aa92f33eb9fa03f15650
  SwiftFilePath: 52c1db61018e0a3941191eb71002cb5cbdaa39e7

PODFILE CHECKSUM: 6b948888ae26da5a860b118c944028d8e14ed02b

COCOAPODS: 1.0.0
