PODS:
  - Alamofire (3.3.1)
  - Masonry (1.0.0)
  - ObjectMapper (1.1.5)
  - OHHTTPStubs (5.0.0):
    - OHHTTPStubs/Default (= 5.0.0)
  - OHHTTPStubs/Core (5.0.0)
  - OHHTTPStubs/Default (5.0.0):
    - OHHTTPStubs/Core
    - OHHTTPStubs/JSON
    - OHHTTPStubs/NSURLSession
    - OHHTTPStubs/OHPathHelpers
  - OHHTTPStubs/JSON (5.0.0):
    - OHHTTPStubs/Core
  - OHHTTPStubs/NSURLSession (5.0.0):
    - OHHTTPStubs/Core
  - OHHTTPStubs/OHPathHelpers (5.0.0)
  - OHHTTPStubs/Swift (5.0.0):
    - OHHTTPStubs/Core
  - SDWebImage (3.7.5):
    - SDWebImage/Core (= 3.7.5)
  - SDWebImage/Core (3.7.5)
  - SnapKit (0.20.0)
  - WeiboSDK (3.1.3)

DEPENDENCIES:
  - Alamofire (~> 3.0)
  - Masonry
  - ObjectMapper (= 1.1.5)
  - OHHTTPStubs
  - OHHTTPStubs/Swift
  - SDWebImage (~> 3.7)
  - SnapKit (~> 0.20.0)
  - WeiboSDK (from `https://github.com/sinaweibosdk/weibo_ios_sdk.git`)

EXTERNAL SOURCES:
  WeiboSDK:
    :git: https://github.com/sinaweibosdk/weibo_ios_sdk.git

CHECKOUT OPTIONS:
  WeiboSDK:
    :commit: 73edfa5b97ab254983f0a349ab1c8d604452d009
    :git: https://github.com/sinaweibosdk/weibo_ios_sdk.git

SPEC CHECKSUMS:
  Alamofire: 369bc67b6f5ac33ded3648d7bd21c5bfb91c2ecc
  Masonry: b529bb169217897b6354d4b56b1fada6d475b13d
  ObjectMapper: 528b1a6677a6acac7747edd508576983e76a9148
  OHHTTPStubs: a5d2e9eea07869d42ec03338325f398bc520e159
  SDWebImage: 69c6303e3348fba97e03f65d65d4fbc26740f461
  SnapKit: 5fce3c1bbbf1fbd31de9aa92f33eb9fa03f15650
  WeiboSDK: 5f2a707c4569a64f4641f4171acd712016f24342

COCOAPODS: 0.39.0
