PODS:
  - Alamofire (4.0.1)
  - AlamofireImage (3.1.0):
    - Alamofire (~> 4.0)
  - AlamofireNetworkActivityIndicator (2.0.1):
    - Alamofire (~> 4.0)
  - CocoaAsyncSocket (7.5.1):
    - CocoaAsyncSocket/GCD (= 7.5.1)
  - CocoaAsyncSocket/GCD (7.5.1)
  - Crashlytics (3.8.3):
    - Fabric (~> 1.6.3)
  - EDStarRating (1.1)
  - Fabric (1.6.11)
  - FMDB (2.6.2):
    - FMDB/standard (= 2.6.2)
  - FMDB/standard (2.6.2)
  - GRMustache.swift (2.0.0)
  - JSPatch (1.1):
    - JSPatch/Core (= 1.1)
  - JSPatch/Core (1.1)
  - Masonry (1.0.2)
  - Nimble (5.0.0)
  - ObjectMapper (2.2.1)
  - OHHTTPStubs (5.2.2):
    - OHHTTPStubs/Default (= 5.2.2)
  - OHHTTPStubs/Core (5.2.2)
  - OHHTTPStubs/Default (5.2.2):
    - OHHTTPStubs/Core
    - OHHTTPStubs/JSON
    - OHHTTPStubs/NSURLSession
    - OHHTTPStubs/OHPathHelpers
  - OHHTTPStubs/JSON (5.2.2):
    - OHHTTPStubs/Core
  - OHHTTPStubs/NSURLSession (5.2.2):
    - OHHTTPStubs/Core
  - OHHTTPStubs/OHPathHelpers (5.2.2)
  - OHHTTPStubs/Swift (5.2.2):
    - OHHTTPStubs/Core
  - Quick (0.10.0)
  - Realm (2.0.3):
    - Realm/Headers (= 2.0.3)
  - Realm/Headers (2.0.3)
  - RealmSwift (2.0.3):
    - Realm (= 2.0.3)
  - RxBlocking (3.0.1):
    - RxSwift (~> 3.0)
  - RxCocoa (3.0.1):
    - RxSwift (~> 3.0)
  - RxSwift (3.0.1)
  - SDWebImage (3.8.2):
    - SDWebImage/Core (= 3.8.2)
  - SDWebImage/Core (3.8.2)
  - SnapKit (3.0.2)
  - SwiftFilePath (0.0.6)

DEPENDENCIES:
  - Alamofire (~> 4.0)
  - AlamofireImage (~> 3.1.0)
  - AlamofireNetworkActivityIndicator (~> 2.0)
  - CocoaAsyncSocket
  - Crashlytics
  - EDStarRating
  - Fabric
  - FMDB
  - GRMustache.swift (~> 2.0.0)
  - JSPatch
  - Masonry
  - Nimble (~> 5.0.0)
  - ObjectMapper (~> 2.2)
  - OHHTTPStubs (~> 5.2.2)
  - OHHTTPStubs/Swift
  - Quick (~> 0.10.0)
  - RealmSwift (~> 2.0.3)
  - RxBlocking (~> 3.0)
  - RxCocoa (~> 3.0)
  - RxSwift (~> 3.0)
  - SDWebImage (~> 3.7)
  - SnapKit (~> 3.0.2)
  - SwiftFilePath

SPEC CHECKSUMS:
  Alamofire: 7682d43245de14874acd142ec137b144aa1dd335
  AlamofireImage: bb8c8351c51cb1633bb6be69b6dbbaff37ce65b7
  AlamofireNetworkActivityIndicator: 3e55069ada3e1ff7703665156429eedcdfea0bc1
  CocoaAsyncSocket: e0a7e93b2ffa411592ff87e58524fbbc9b95b4fa
  Crashlytics: 2b6dbe138a42395577cfa73dfa1aa7248cadf39e
  EDStarRating: a41a6440a945020745d0e9ff8ada7d1afa952114
  Fabric: 5911403591946b8228ab1c51d98f1d7137e863c6
  FMDB: 854a0341b4726e53276f2a8996f06f1b80f9259a
  GRMustache.swift: 8a547c12bea16052071b2b540af83d770075f0eb
  JSPatch: ade285ad1d8f06146ed6054a39cef87509453299
  Masonry: 7c429b56da9d4ee0bbb3ed77a5ea710d6a5df39e
  Nimble: 56fc9f5020effa2206de22c3dd910f4fb011b92f
  ObjectMapper: 41e43e1a89f8060ef5ea5d04ba852e269a621d68
  OHHTTPStubs: 34d9d0994e64fcf8552dbfade5ce82ada913ee31
  Quick: 5d290df1c69d5ee2f0729956dcf0fd9a30447eaa
  Realm: 5f008bfe3c8c47142eddfc30b8c1584cde22db24
  RealmSwift: 5afb451f65b682242f272dbb52d5c6f6e343c980
  RxBlocking: 5de082d09d1ab45b49173f309f1a97d6b50f34c4
  RxCocoa: 15a52fc590dcc700cb4a690a633b5c5184ce3a78
  RxSwift: af5680055c4ad04480189c52d28385b1029493a6
  SDWebImage: 098e97e6176540799c27e804c96653ee0833d13c
  SnapKit: 2e456761aa92d4d4067a7a5594c18769d451a8ad
  SwiftFilePath: 52c1db61018e0a3941191eb71002cb5cbdaa39e7

PODFILE CHECKSUM: 6da27437fb6aa6d859eb62e3257c4334237dc278

COCOAPODS: 1.2.0.beta.1
