// !$*UTF8*$!
{
	archiveVersion = 1;
	classes = {
	};
	objectVersion = 46;
	objects = {

/* Begin PBXAggregateTarget section */
		840ED9231C4CEE6300420D8C /* GenerateDoc */ = {
			isa = PBXAggregateTarget;
			buildConfigurationList = 840ED9261C4CEE6300420D8C /* Build configuration list for PBXAggregateTarget "GenerateDoc" */;
			buildPhases = (
				840ED9271C4CEE8E00420D8C /* ShellScript */,
			);
			dependencies = (
			);
			name = GenerateDoc;
			productName = GenerateDoc;
		};
		840ED9281C4CF5EF00420D8C /* generateByJazzy */ = {
			isa = PBXAggregateTarget;
			buildConfigurationList = 840ED9291C4CF5EF00420D8C /* Build configuration list for PBXAggregateTarget "generateByJazzy" */;
			buildPhases = (
				840ED92C1C4CF5F400420D8C /* ShellScript */,
			);
			dependencies = (
			);
			name = generateByJazzy;
			productName = generateByJazzy;
		};
/* End PBXAggregateTarget section */

/* Begin PBXBuildFile section */
		1412DA451C7F0D9F0089E00D /* CategoryModel.swift in Sources */ = {isa = PBXBuildFile; fileRef = 1412DA431C7F0D9F0089E00D /* CategoryModel.swift */; };
		1412DA461C7F0D9F0089E00D /* SpeciesModel.swift in Sources */ = {isa = PBXBuildFile; fileRef = 1412DA441C7F0D9F0089E00D /* SpeciesModel.swift */; };
		1479CBBA1C965CCF00D26433 /* Album.swift in Sources */ = {isa = PBXBuildFile; fileRef = 1479CBB91C965CCF00D26433 /* Album.swift */; };
		1479CBBF1C96600300D26433 /* AlbumView.swift in Sources */ = {isa = PBXBuildFile; fileRef = 1479CBBE1C96600300D26433 /* AlbumView.swift */; };
		1479CBC41C9668DD00D26433 /* LibraryAPI.swift in Sources */ = {isa = PBXBuildFile; fileRef = 1479CBC31C9668DD00D26433 /* LibraryAPI.swift */; };
		14A3C68E1C83EB000065D226 /* readme.md in Sources */ = {isa = PBXBuildFile; fileRef = 14A3C68D1C83EB000065D226 /* readme.md */; };
		14B07EE51CB3BB2B00A9B1F9 /* ShadeAnimationViewController.m in Sources */ = {isa = PBXBuildFile; fileRef = 14B07EE41CB3BB2B00A9B1F9 /* ShadeAnimationViewController.m */; };
		14B07EE71CB3BB7800A9B1F9 /* ShadeAnViewController.swift in Sources */ = {isa = PBXBuildFile; fileRef = 14B07EE61CB3BB7800A9B1F9 /* ShadeAnViewController.swift */; };
		14B07F411CB52FB300A9B1F9 /* Label+Animation.swift in Sources */ = {isa = PBXBuildFile; fileRef = 14B07F401CB52FB300A9B1F9 /* Label+Animation.swift */; };
		14D52E431CAB811F00A0595C /* MapViewExtension.swift in Sources */ = {isa = PBXBuildFile; fileRef = 14D52E421CAB811F00A0595C /* MapViewExtension.swift */; };
		14D52E461CAB812800A0595C /* FlowCell.swift in Sources */ = {isa = PBXBuildFile; fileRef = 14D52E441CAB812800A0595C /* FlowCell.swift */; };
		14D52E471CAB812800A0595C /* LogCell.swift in Sources */ = {isa = PBXBuildFile; fileRef = 14D52E451CAB812800A0595C /* LogCell.swift */; };
		14D52E4D1CAB818400A0595C /* AddNewEntryController.swift in Sources */ = {isa = PBXBuildFile; fileRef = 14D52E481CAB818400A0595C /* AddNewEntryController.swift */; };
		14D52E4E1CAB818400A0595C /* CategoriesTableViewController.swift in Sources */ = {isa = PBXBuildFile; fileRef = 14D52E491CAB818400A0595C /* CategoriesTableViewController.swift */; };
		14D52E4F1CAB818400A0595C /* LogViewController.swift in Sources */ = {isa = PBXBuildFile; fileRef = 14D52E4A1CAB818400A0595C /* LogViewController.swift */; };
		14D52E501CAB818400A0595C /* MapViewController.swift in Sources */ = {isa = PBXBuildFile; fileRef = 14D52E4B1CAB818400A0595C /* MapViewController.swift */; };
		14D52E511CAB818400A0595C /* WeiboCollectionViewController.swift in Sources */ = {isa = PBXBuildFile; fileRef = 14D52E4C1CAB818400A0595C /* WeiboCollectionViewController.swift */; };
		14D52E531CAB81BB00A0595C /* SpeciesAnnotation.swift in Sources */ = {isa = PBXBuildFile; fileRef = 14D52E521CAB81BB00A0595C /* SpeciesAnnotation.swift */; };
		14D52E561CAB81D700A0595C /* OverlayAnimationController.swift in Sources */ = {isa = PBXBuildFile; fileRef = 14D52E551CAB81D700A0595C /* OverlayAnimationController.swift */; };
		14D52E631CAB9F4B00A0595C /* SDEModalTransitionDelegate.swift in Sources */ = {isa = PBXBuildFile; fileRef = 14D52E621CAB9F4B00A0595C /* SDEModalTransitionDelegate.swift */; };
		14DBA0AC1CAE15D400BAB345 /* Realm.framework in Frameworks */ = {isa = PBXBuildFile; fileRef = 14DBA0AA1CAE15D400BAB345 /* Realm.framework */; };
		14DBA0AD1CAE15D400BAB345 /* RealmSwift.framework in Frameworks */ = {isa = PBXBuildFile; fileRef = 14DBA0AB1CAE15D400BAB345 /* RealmSwift.framework */; };
		14DBA0AE1CAE15E000BAB345 /* Realm.framework in Frameworks */ = {isa = PBXBuildFile; fileRef = 14DBA0AA1CAE15D400BAB345 /* Realm.framework */; };
		14DBA0AF1CAE15E100BAB345 /* Realm.framework in Embed Frameworks */ = {isa = PBXBuildFile; fileRef = 14DBA0AA1CAE15D400BAB345 /* Realm.framework */; settings = {ATTRIBUTES = (CodeSignOnCopy, RemoveHeadersOnCopy, ); }; };
		14DBA0B01CAE15E100BAB345 /* RealmSwift.framework in Frameworks */ = {isa = PBXBuildFile; fileRef = 14DBA0AB1CAE15D400BAB345 /* RealmSwift.framework */; };
		14DBA0B11CAE15E100BAB345 /* RealmSwift.framework in Embed Frameworks */ = {isa = PBXBuildFile; fileRef = 14DBA0AB1CAE15D400BAB345 /* RealmSwift.framework */; settings = {ATTRIBUTES = (CodeSignOnCopy, RemoveHeadersOnCopy, ); }; };
		847503971C59C4A200E804EE /* Bicycle.swift in Sources */ = {isa = PBXBuildFile; fileRef = 847503961C59C4A200E804EE /* Bicycle.swift */; };
		847503981C59C70600E804EE /* Bicycle.swift in Sources */ = {isa = PBXBuildFile; fileRef = 847503961C59C4A200E804EE /* Bicycle.swift */; };
		D849C09E1AF078E4001C01AC /* AppDelegate.swift in Sources */ = {isa = PBXBuildFile; fileRef = D849C09D1AF078E4001C01AC /* AppDelegate.swift */; };
		D849C0A31AF078E4001C01AC /* Main.storyboard in Resources */ = {isa = PBXBuildFile; fileRef = D849C0A11AF078E4001C01AC /* Main.storyboard */; };
		D849C0A51AF078E4001C01AC /* Images.xcassets in Resources */ = {isa = PBXBuildFile; fileRef = D849C0A41AF078E4001C01AC /* Images.xcassets */; };
		D849C0A81AF078E4001C01AC /* LaunchScreen.xib in Resources */ = {isa = PBXBuildFile; fileRef = D849C0A61AF078E4001C01AC /* LaunchScreen.xib */; };
		D849C0B41AF078E4001C01AC /* SISpeciesNotesTests.swift in Sources */ = {isa = PBXBuildFile; fileRef = D849C0B31AF078E4001C01AC /* SISpeciesNotesTests.swift */; };
		E924FE83ECBA9B6E512DF364 /* Pods.framework in Frameworks */ = {isa = PBXBuildFile; fileRef = 20F40A34149E21A67CD352AF /* Pods.framework */; };
/* End PBXBuildFile section */

/* Begin PBXContainerItemProxy section */
		D849C0AE1AF078E4001C01AC /* PBXContainerItemProxy */ = {
			isa = PBXContainerItemProxy;
			containerPortal = D849C0901AF078E4001C01AC /* Project object */;
			proxyType = 1;
			remoteGlobalIDString = D849C0971AF078E4001C01AC;
			remoteInfo = SISpeciesNotes;
		};
/* End PBXContainerItemProxy section */

/* Begin PBXCopyFilesBuildPhase section */
		14DBA0B21CAE15E100BAB345 /* Embed Frameworks */ = {
			isa = PBXCopyFilesBuildPhase;
			buildActionMask = 2147483647;
			dstPath = "";
			dstSubfolderSpec = 10;
			files = (
				14DBA0B11CAE15E100BAB345 /* RealmSwift.framework in Embed Frameworks */,
				14DBA0AF1CAE15E100BAB345 /* Realm.framework in Embed Frameworks */,
			);
			name = "Embed Frameworks";
			runOnlyForDeploymentPostprocessing = 0;
		};
/* End PBXCopyFilesBuildPhase section */

/* Begin PBXFileReference section */
		1412DA431C7F0D9F0089E00D /* CategoryModel.swift */ = {isa = PBXFileReference; fileEncoding = 4; lastKnownFileType = sourcecode.swift; path = CategoryModel.swift; sourceTree = "<group>"; };
		1412DA441C7F0D9F0089E00D /* SpeciesModel.swift */ = {isa = PBXFileReference; fileEncoding = 4; lastKnownFileType = sourcecode.swift; path = SpeciesModel.swift; sourceTree = "<group>"; };
		144A2B4A1CB370A50038435E /* 实战.playground */ = {isa = PBXFileReference; lastKnownFileType = file.playground; path = "实战.playground"; sourceTree = "<group>"; };
		1479CBB91C965CCF00D26433 /* Album.swift */ = {isa = PBXFileReference; fileEncoding = 4; lastKnownFileType = sourcecode.swift; path = Album.swift; sourceTree = "<group>"; };
		1479CBBE1C96600300D26433 /* AlbumView.swift */ = {isa = PBXFileReference; fileEncoding = 4; lastKnownFileType = sourcecode.swift; path = AlbumView.swift; sourceTree = "<group>"; };
		1479CBC31C9668DD00D26433 /* LibraryAPI.swift */ = {isa = PBXFileReference; fileEncoding = 4; lastKnownFileType = sourcecode.swift; path = LibraryAPI.swift; sourceTree = "<group>"; };
		14A3C68D1C83EB000065D226 /* readme.md */ = {isa = PBXFileReference; fileEncoding = 4; lastKnownFileType = net.daringfireball.markdown; path = readme.md; sourceTree = "<group>"; };
		14B07EE21CB3BB2A00A9B1F9 /* SISpeciesNotes-Bridging-Header.h */ = {isa = PBXFileReference; lastKnownFileType = sourcecode.c.h; path = "SISpeciesNotes-Bridging-Header.h"; sourceTree = "<group>"; };
		14B07EE31CB3BB2B00A9B1F9 /* ShadeAnimationViewController.h */ = {isa = PBXFileReference; fileEncoding = 4; lastKnownFileType = sourcecode.c.h; path = ShadeAnimationViewController.h; sourceTree = "<group>"; };
		14B07EE41CB3BB2B00A9B1F9 /* ShadeAnimationViewController.m */ = {isa = PBXFileReference; fileEncoding = 4; lastKnownFileType = sourcecode.c.objc; path = ShadeAnimationViewController.m; sourceTree = "<group>"; };
		14B07EE61CB3BB7800A9B1F9 /* ShadeAnViewController.swift */ = {isa = PBXFileReference; fileEncoding = 4; lastKnownFileType = sourcecode.swift; path = ShadeAnViewController.swift; sourceTree = "<group>"; };
		14B07F401CB52FB300A9B1F9 /* Label+Animation.swift */ = {isa = PBXFileReference; fileEncoding = 4; lastKnownFileType = sourcecode.swift; path = "Label+Animation.swift"; sourceTree = "<group>"; };
		14D52E421CAB811F00A0595C /* MapViewExtension.swift */ = {isa = PBXFileReference; fileEncoding = 4; lastKnownFileType = sourcecode.swift; path = MapViewExtension.swift; sourceTree = "<group>"; };
		14D52E441CAB812800A0595C /* FlowCell.swift */ = {isa = PBXFileReference; fileEncoding = 4; lastKnownFileType = sourcecode.swift; path = FlowCell.swift; sourceTree = "<group>"; };
		14D52E451CAB812800A0595C /* LogCell.swift */ = {isa = PBXFileReference; fileEncoding = 4; lastKnownFileType = sourcecode.swift; path = LogCell.swift; sourceTree = "<group>"; };
		14D52E481CAB818400A0595C /* AddNewEntryController.swift */ = {isa = PBXFileReference; fileEncoding = 4; lastKnownFileType = sourcecode.swift; name = AddNewEntryController.swift; path = Controller/AddNewEntryController.swift; sourceTree = "<group>"; };
		14D52E491CAB818400A0595C /* CategoriesTableViewController.swift */ = {isa = PBXFileReference; fileEncoding = 4; lastKnownFileType = sourcecode.swift; name = CategoriesTableViewController.swift; path = Controller/CategoriesTableViewController.swift; sourceTree = "<group>"; };
		14D52E4A1CAB818400A0595C /* LogViewController.swift */ = {isa = PBXFileReference; fileEncoding = 4; lastKnownFileType = sourcecode.swift; name = LogViewController.swift; path = Controller/LogViewController.swift; sourceTree = "<group>"; };
		14D52E4B1CAB818400A0595C /* MapViewController.swift */ = {isa = PBXFileReference; fileEncoding = 4; lastKnownFileType = sourcecode.swift; name = MapViewController.swift; path = Controller/MapViewController.swift; sourceTree = "<group>"; };
		14D52E4C1CAB818400A0595C /* WeiboCollectionViewController.swift */ = {isa = PBXFileReference; fileEncoding = 4; lastKnownFileType = sourcecode.swift; name = WeiboCollectionViewController.swift; path = Controller/WeiboCollectionViewController.swift; sourceTree = "<group>"; };
		14D52E521CAB81BB00A0595C /* SpeciesAnnotation.swift */ = {isa = PBXFileReference; fileEncoding = 4; lastKnownFileType = sourcecode.swift; path = SpeciesAnnotation.swift; sourceTree = "<group>"; };
		14D52E551CAB81D700A0595C /* OverlayAnimationController.swift */ = {isa = PBXFileReference; fileEncoding = 4; lastKnownFileType = sourcecode.swift; path = OverlayAnimationController.swift; sourceTree = "<group>"; };
		14D52E621CAB9F4B00A0595C /* SDEModalTransitionDelegate.swift */ = {isa = PBXFileReference; fileEncoding = 4; lastKnownFileType = sourcecode.swift; path = SDEModalTransitionDelegate.swift; sourceTree = "<group>"; };
		14DBA0AA1CAE15D400BAB345 /* Realm.framework */ = {isa = PBXFileReference; lastKnownFileType = wrapper.framework; path = Realm.framework; sourceTree = "<group>"; };
		14DBA0AB1CAE15D400BAB345 /* RealmSwift.framework */ = {isa = PBXFileReference; lastKnownFileType = wrapper.framework; path = RealmSwift.framework; sourceTree = "<group>"; };
		1C6BEC9D9ACCC3F198B92E0A /* Pods.debug.xcconfig */ = {isa = PBXFileReference; includeInIndex = 1; lastKnownFileType = text.xcconfig; name = Pods.debug.xcconfig; path = "Pods/Target Support Files/Pods/Pods.debug.xcconfig"; sourceTree = "<group>"; };
		20F40A34149E21A67CD352AF /* Pods.framework */ = {isa = PBXFileReference; explicitFileType = wrapper.framework; includeInIndex = 0; path = Pods.framework; sourceTree = BUILT_PRODUCTS_DIR; };
		8475035C1C58B76A00E804EE /* AddNewEntryController.html */ = {isa = PBXFileReference; fileEncoding = 4; lastKnownFileType = text.html; path = AddNewEntryController.html; sourceTree = "<group>"; };
		8475035D1C58B76A00E804EE /* AppDelegate.html */ = {isa = PBXFileReference; fileEncoding = 4; lastKnownFileType = text.html; path = AppDelegate.html; sourceTree = "<group>"; };
		8475035E1C58B76A00E804EE /* CategoriesTableViewController.html */ = {isa = PBXFileReference; fileEncoding = 4; lastKnownFileType = text.html; path = CategoriesTableViewController.html; sourceTree = "<group>"; };
		8475035F1C58B76A00E804EE /* CategoryModel.html */ = {isa = PBXFileReference; fileEncoding = 4; lastKnownFileType = text.html; path = CategoryModel.html; sourceTree = "<group>"; };
		847503601C58B76A00E804EE /* LogCell.html */ = {isa = PBXFileReference; fileEncoding = 4; lastKnownFileType = text.html; path = LogCell.html; sourceTree = "<group>"; };
		847503611C58B76A00E804EE /* LogViewController.html */ = {isa = PBXFileReference; fileEncoding = 4; lastKnownFileType = text.html; path = LogViewController.html; sourceTree = "<group>"; };
		847503621C58B76A00E804EE /* MapViewController.html */ = {isa = PBXFileReference; fileEncoding = 4; lastKnownFileType = text.html; path = MapViewController.html; sourceTree = "<group>"; };
		847503631C58B76A00E804EE /* SpeciesAnnotation.html */ = {isa = PBXFileReference; fileEncoding = 4; lastKnownFileType = text.html; path = SpeciesAnnotation.html; sourceTree = "<group>"; };
		847503641C58B76A00E804EE /* SpeciesModel.html */ = {isa = PBXFileReference; fileEncoding = 4; lastKnownFileType = text.html; path = SpeciesModel.html; sourceTree = "<group>"; };
		847503651C58B76A00E804EE /* Classes.html */ = {isa = PBXFileReference; fileEncoding = 4; lastKnownFileType = text.html; path = Classes.html; sourceTree = "<group>"; };
		847503671C58B76A00E804EE /* highlight.css */ = {isa = PBXFileReference; fileEncoding = 4; lastKnownFileType = text.css; path = highlight.css; sourceTree = "<group>"; };
		847503681C58B76A00E804EE /* jazzy.css */ = {isa = PBXFileReference; fileEncoding = 4; lastKnownFileType = text.css; path = jazzy.css; sourceTree = "<group>"; };
		8475036A1C58B76A00E804EE /* SISpeciesNotes.docset */ = {isa = PBXFileReference; lastKnownFileType = wrapper; path = SISpeciesNotes.docset; sourceTree = "<group>"; };
		8475036B1C58B76A00E804EE /* SISpeciesNotes.tgz */ = {isa = PBXFileReference; lastKnownFileType = file; path = SISpeciesNotes.tgz; sourceTree = "<group>"; };
		8475036D1C58B76A00E804EE /* Categories.html */ = {isa = PBXFileReference; fileEncoding = 4; lastKnownFileType = text.html; path = Categories.html; sourceTree = "<group>"; };
		8475036E1C58B76A00E804EE /* Enums.html */ = {isa = PBXFileReference; fileEncoding = 4; lastKnownFileType = text.html; path = Enums.html; sourceTree = "<group>"; };
		847503701C58B76A00E804EE /* MKMapView.html */ = {isa = PBXFileReference; fileEncoding = 4; lastKnownFileType = text.html; path = MKMapView.html; sourceTree = "<group>"; };
		847503711C58B76A00E804EE /* Extensions.html */ = {isa = PBXFileReference; fileEncoding = 4; lastKnownFileType = text.html; path = Extensions.html; sourceTree = "<group>"; };
		847503731C58B76A00E804EE /* carat.png */ = {isa = PBXFileReference; lastKnownFileType = image.png; path = carat.png; sourceTree = "<group>"; };
		847503741C58B76A00E804EE /* dash.png */ = {isa = PBXFileReference; lastKnownFileType = image.png; path = dash.png; sourceTree = "<group>"; };
		847503751C58B76A00E804EE /* gh.png */ = {isa = PBXFileReference; lastKnownFileType = image.png; path = gh.png; sourceTree = "<group>"; };
		847503761C58B76A00E804EE /* index.html */ = {isa = PBXFileReference; fileEncoding = 4; lastKnownFileType = text.html; path = index.html; sourceTree = "<group>"; };
		847503781C58B76A00E804EE /* jazzy.js */ = {isa = PBXFileReference; fileEncoding = 4; lastKnownFileType = sourcecode.javascript; path = jazzy.js; sourceTree = "<group>"; };
		847503791C58B76A00E804EE /* jquery.min.js */ = {isa = PBXFileReference; fileEncoding = 4; lastKnownFileType = sourcecode.javascript; path = jquery.min.js; sourceTree = "<group>"; };
		8475037A1C58B76A00E804EE /* undocumented.txt */ = {isa = PBXFileReference; fileEncoding = 4; lastKnownFileType = text; path = undocumented.txt; sourceTree = "<group>"; };
		847503961C59C4A200E804EE /* Bicycle.swift */ = {isa = PBXFileReference; fileEncoding = 4; lastKnownFileType = sourcecode.swift; path = Bicycle.swift; sourceTree = "<group>"; };
		848F1E2E1C214D5500874436 /* .gitignore */ = {isa = PBXFileReference; explicitFileType = text.script.ruby; path = .gitignore; sourceTree = "<group>"; };
		84FB4C111C4E1E35008D512A /* Literals.playground */ = {isa = PBXFileReference; lastKnownFileType = file.playground; path = Literals.playground; sourceTree = "<group>"; };
		84FF65981CB2689E00902FB5 /* 面向对象.playground */ = {isa = PBXFileReference; lastKnownFileType = file.playground; path = "面向对象.playground"; sourceTree = "<group>"; };
		D849C0981AF078E4001C01AC /* SISpeciesNotes.app */ = {isa = PBXFileReference; explicitFileType = wrapper.application; includeInIndex = 0; path = SISpeciesNotes.app; sourceTree = BUILT_PRODUCTS_DIR; };
		D849C09C1AF078E4001C01AC /* Info.plist */ = {isa = PBXFileReference; lastKnownFileType = text.plist.xml; path = Info.plist; sourceTree = "<group>"; };
		D849C09D1AF078E4001C01AC /* AppDelegate.swift */ = {isa = PBXFileReference; lastKnownFileType = sourcecode.swift; path = AppDelegate.swift; sourceTree = "<group>"; };
		D849C0A21AF078E4001C01AC /* Base */ = {isa = PBXFileReference; lastKnownFileType = file.storyboard; name = Base; path = Base.lproj/Main.storyboard; sourceTree = "<group>"; };
		D849C0A41AF078E4001C01AC /* Images.xcassets */ = {isa = PBXFileReference; lastKnownFileType = folder.assetcatalog; path = Images.xcassets; sourceTree = "<group>"; };
		D849C0A71AF078E4001C01AC /* Base */ = {isa = PBXFileReference; lastKnownFileType = file.xib; name = Base; path = Base.lproj/LaunchScreen.xib; sourceTree = "<group>"; };
		D849C0AD1AF078E4001C01AC /* SISpeciesNotesTests.xctest */ = {isa = PBXFileReference; explicitFileType = wrapper.cfbundle; includeInIndex = 0; path = SISpeciesNotesTests.xctest; sourceTree = BUILT_PRODUCTS_DIR; };
		D849C0B21AF078E4001C01AC /* Info.plist */ = {isa = PBXFileReference; lastKnownFileType = text.plist.xml; path = Info.plist; sourceTree = "<group>"; };
		D849C0B31AF078E4001C01AC /* SISpeciesNotesTests.swift */ = {isa = PBXFileReference; lastKnownFileType = sourcecode.swift; path = SISpeciesNotesTests.swift; sourceTree = "<group>"; };
		F006D2C2F402840E923B5FB8 /* Pods.release.xcconfig */ = {isa = PBXFileReference; includeInIndex = 1; lastKnownFileType = text.xcconfig; name = Pods.release.xcconfig; path = "Pods/Target Support Files/Pods/Pods.release.xcconfig"; sourceTree = "<group>"; };
/* End PBXFileReference section */

/* Begin PBXFrameworksBuildPhase section */
		D849C0951AF078E4001C01AC /* Frameworks */ = {
			isa = PBXFrameworksBuildPhase;
			buildActionMask = 2147483647;
			files = (
				14DBA0AE1CAE15E000BAB345 /* Realm.framework in Frameworks */,
				14DBA0B01CAE15E100BAB345 /* RealmSwift.framework in Frameworks */,
				14DBA0AC1CAE15D400BAB345 /* Realm.framework in Frameworks */,
				E924FE83ECBA9B6E512DF364 /* Pods.framework in Frameworks */,
				14DBA0AD1CAE15D400BAB345 /* RealmSwift.framework in Frameworks */,
			);
			runOnlyForDeploymentPostprocessing = 0;
		};
		D849C0AA1AF078E4001C01AC /* Frameworks */ = {
			isa = PBXFrameworksBuildPhase;
			buildActionMask = 2147483647;
			files = (
			);
			runOnlyForDeploymentPostprocessing = 0;
		};
/* End PBXFrameworksBuildPhase section */

/* Begin PBXGroup section */
		1412DA421C7F0D9F0089E00D /* Model */ = {
			isa = PBXGroup;
			children = (
				1412DA441C7F0D9F0089E00D /* SpeciesModel.swift */,
				1412DA431C7F0D9F0089E00D /* CategoryModel.swift */,
				14D52E521CAB81BB00A0595C /* SpeciesAnnotation.swift */,
				1479CBB91C965CCF00D26433 /* Album.swift */,
			);
			path = Model;
			sourceTree = "<group>";
		};
		1479CBBD1C965FCF00D26433 /* view */ = {
			isa = PBXGroup;
			children = (
				1479CBBE1C96600300D26433 /* AlbumView.swift */,
				14D52E421CAB811F00A0595C /* MapViewExtension.swift */,
				14D52E441CAB812800A0595C /* FlowCell.swift */,
				14D52E451CAB812800A0595C /* LogCell.swift */,
				14B07F401CB52FB300A9B1F9 /* Label+Animation.swift */,
			);
			path = view;
			sourceTree = "<group>";
		};
		1479CBC21C9668DD00D26433 /* API */ = {
			isa = PBXGroup;
			children = (
				1479CBC31C9668DD00D26433 /* LibraryAPI.swift */,
			);
			path = API;
			sourceTree = "<group>";
		};
		14D52E541CAB81D700A0595C /* animatedTransition */ = {
			isa = PBXGroup;
			children = (
				14D52E551CAB81D700A0595C /* OverlayAnimationController.swift */,
				14D52E621CAB9F4B00A0595C /* SDEModalTransitionDelegate.swift */,
			);
			path = animatedTransition;
			sourceTree = "<group>";
		};
		14DBA0A91CAE15D400BAB345 /* Realm */ = {
			isa = PBXGroup;
			children = (
				14DBA0AA1CAE15D400BAB345 /* Realm.framework */,
				14DBA0AB1CAE15D400BAB345 /* RealmSwift.framework */,
			);
			name = Realm;
			path = Frameworks/Realm;
			sourceTree = "<group>";
		};
		8475035A1C58B76A00E804EE /* swift_output */ = {
			isa = PBXGroup;
			children = (
				8475035B1C58B76A00E804EE /* Classes */,
				847503651C58B76A00E804EE /* Classes.html */,
				847503661C58B76A00E804EE /* css */,
				847503691C58B76A00E804EE /* docsets */,
				8475036C1C58B76A00E804EE /* Enums */,
				8475036E1C58B76A00E804EE /* Enums.html */,
				8475036F1C58B76A00E804EE /* Extensions */,
				847503711C58B76A00E804EE /* Extensions.html */,
				847503721C58B76A00E804EE /* img */,
				847503761C58B76A00E804EE /* index.html */,
				847503771C58B76A00E804EE /* js */,
				8475037A1C58B76A00E804EE /* undocumented.txt */,
			);
			name = swift_output;
			path = docs/swift_output;
			sourceTree = "<group>";
		};
		8475035B1C58B76A00E804EE /* Classes */ = {
			isa = PBXGroup;
			children = (
				8475035C1C58B76A00E804EE /* AddNewEntryController.html */,
				8475035D1C58B76A00E804EE /* AppDelegate.html */,
				8475035E1C58B76A00E804EE /* CategoriesTableViewController.html */,
				8475035F1C58B76A00E804EE /* CategoryModel.html */,
				847503601C58B76A00E804EE /* LogCell.html */,
				847503611C58B76A00E804EE /* LogViewController.html */,
				847503621C58B76A00E804EE /* MapViewController.html */,
				847503631C58B76A00E804EE /* SpeciesAnnotation.html */,
				847503641C58B76A00E804EE /* SpeciesModel.html */,
			);
			path = Classes;
			sourceTree = "<group>";
		};
		847503661C58B76A00E804EE /* css */ = {
			isa = PBXGroup;
			children = (
				847503671C58B76A00E804EE /* highlight.css */,
				847503681C58B76A00E804EE /* jazzy.css */,
			);
			path = css;
			sourceTree = "<group>";
		};
		847503691C58B76A00E804EE /* docsets */ = {
			isa = PBXGroup;
			children = (
				8475036A1C58B76A00E804EE /* SISpeciesNotes.docset */,
				8475036B1C58B76A00E804EE /* SISpeciesNotes.tgz */,
			);
			path = docsets;
			sourceTree = "<group>";
		};
		8475036C1C58B76A00E804EE /* Enums */ = {
			isa = PBXGroup;
			children = (
				8475036D1C58B76A00E804EE /* Categories.html */,
			);
			path = Enums;
			sourceTree = "<group>";
		};
		8475036F1C58B76A00E804EE /* Extensions */ = {
			isa = PBXGroup;
			children = (
				847503701C58B76A00E804EE /* MKMapView.html */,
			);
			path = Extensions;
			sourceTree = "<group>";
		};
		847503721C58B76A00E804EE /* img */ = {
			isa = PBXGroup;
			children = (
				847503731C58B76A00E804EE /* carat.png */,
				847503741C58B76A00E804EE /* dash.png */,
				847503751C58B76A00E804EE /* gh.png */,
			);
			path = img;
			sourceTree = "<group>";
		};
		847503771C58B76A00E804EE /* js */ = {
			isa = PBXGroup;
			children = (
				847503781C58B76A00E804EE /* jazzy.js */,
				847503791C58B76A00E804EE /* jquery.min.js */,
			);
			path = js;
			sourceTree = "<group>";
		};
		847503951C59C3F300E804EE /* SwiftDocumentation */ = {
			isa = PBXGroup;
			children = (
				847503961C59C4A200E804EE /* Bicycle.swift */,
			);
			path = SwiftDocumentation;
			sourceTree = "<group>";
		};
		84FF65961CB2682B00902FB5 /* swift基础语法 */ = {
			isa = PBXGroup;
			children = (
				84FB4C111C4E1E35008D512A /* Literals.playground */,
				84FF65981CB2689E00902FB5 /* 面向对象.playground */,
				144A2B4A1CB370A50038435E /* 实战.playground */,
			);
			name = "swift基础语法";
			sourceTree = "<group>";
		};
		D849C08F1AF078E4001C01AC = {
			isa = PBXGroup;
			children = (
				D849C09A1AF078E4001C01AC /* SISpeciesNotes */,
				D849C0B01AF078E4001C01AC /* SISpeciesNotesTests */,
				D8D76ABF1C1021AC0041D0ED /* Frameworks */,
				8475035A1C58B76A00E804EE /* swift_output */,
				848F1E2E1C214D5500874436 /* .gitignore */,
				14A3C68D1C83EB000065D226 /* readme.md */,
				D849C0991AF078E4001C01AC /* Products */,
				E0A0A76A9D401F12C19F4D3C /* Pods */,
			);
			sourceTree = "<group>";
		};
		D849C0991AF078E4001C01AC /* Products */ = {
			isa = PBXGroup;
			children = (
				D849C0981AF078E4001C01AC /* SISpeciesNotes.app */,
				D849C0AD1AF078E4001C01AC /* SISpeciesNotesTests.xctest */,
			);
			name = Products;
			sourceTree = "<group>";
		};
		D849C09A1AF078E4001C01AC /* SISpeciesNotes */ = {
			isa = PBXGroup;
			children = (
				D897B1ED1AF1CFA300DAD3EB /* Controller */,
				1479CBC21C9668DD00D26433 /* API */,
				1412DA421C7F0D9F0089E00D /* Model */,
				1479CBBD1C965FCF00D26433 /* view */,
				D8D76ABE1C0FF1670041D0ED /* Resources */,
				D849C09B1AF078E4001C01AC /* Supporting Files */,
			);
			path = SISpeciesNotes;
			sourceTree = "<group>";
		};
		D849C09B1AF078E4001C01AC /* Supporting Files */ = {
			isa = PBXGroup;
			children = (
				D849C09D1AF078E4001C01AC /* AppDelegate.swift */,
				D849C09C1AF078E4001C01AC /* Info.plist */,
			);
			name = "Supporting Files";
			sourceTree = "<group>";
		};
		D849C0B01AF078E4001C01AC /* SISpeciesNotesTests */ = {
			isa = PBXGroup;
			children = (
				847503951C59C3F300E804EE /* SwiftDocumentation */,
				84FF65961CB2682B00902FB5 /* swift基础语法 */,
				D849C0B31AF078E4001C01AC /* SISpeciesNotesTests.swift */,
				D849C0B11AF078E4001C01AC /* Supporting Files */,
			);
			path = SISpeciesNotesTests;
			sourceTree = "<group>";
		};
		D849C0B11AF078E4001C01AC /* Supporting Files */ = {
			isa = PBXGroup;
			children = (
				D849C0B21AF078E4001C01AC /* Info.plist */,
			);
			name = "Supporting Files";
			sourceTree = "<group>";
		};
		D897B1ED1AF1CFA300DAD3EB /* Controller */ = {
			isa = PBXGroup;
			children = (
				14D52E481CAB818400A0595C /* AddNewEntryController.swift */,
				14D52E491CAB818400A0595C /* CategoriesTableViewController.swift */,
				14D52E4A1CAB818400A0595C /* LogViewController.swift */,
				14D52E4B1CAB818400A0595C /* MapViewController.swift */,
				14D52E4C1CAB818400A0595C /* WeiboCollectionViewController.swift */,
				14D52E541CAB81D700A0595C /* animatedTransition */,
				14B07EE31CB3BB2B00A9B1F9 /* ShadeAnimationViewController.h */,
				14B07EE41CB3BB2B00A9B1F9 /* ShadeAnimationViewController.m */,
				14B07EE21CB3BB2A00A9B1F9 /* SISpeciesNotes-Bridging-Header.h */,
				14B07EE61CB3BB7800A9B1F9 /* ShadeAnViewController.swift */,
			);
			name = Controller;
			sourceTree = "<group>";
		};
		D8D76ABE1C0FF1670041D0ED /* Resources */ = {
			isa = PBXGroup;
			children = (
				D849C0A11AF078E4001C01AC /* Main.storyboard */,
				D849C0A41AF078E4001C01AC /* Images.xcassets */,
				D849C0A61AF078E4001C01AC /* LaunchScreen.xib */,
			);
			name = Resources;
			sourceTree = "<group>";
		};
		D8D76ABF1C1021AC0041D0ED /* Frameworks */ = {
			isa = PBXGroup;
			children = (
				14DBA0A91CAE15D400BAB345 /* Realm */,
				20F40A34149E21A67CD352AF /* Pods.framework */,
			);
			name = Frameworks;
			path = SISpeciesNotes;
			sourceTree = "<group>";
		};
		E0A0A76A9D401F12C19F4D3C /* Pods */ = {
			isa = PBXGroup;
			children = (
				1C6BEC9D9ACCC3F198B92E0A /* Pods.debug.xcconfig */,
				F006D2C2F402840E923B5FB8 /* Pods.release.xcconfig */,
			);
			name = Pods;
			sourceTree = "<group>";
		};
/* End PBXGroup section */

/* Begin PBXNativeTarget section */
		D849C0971AF078E4001C01AC /* SISpeciesNotes */ = {
			isa = PBXNativeTarget;
			buildConfigurationList = D849C0B71AF078E4001C01AC /* Build configuration list for PBXNativeTarget "SISpeciesNotes" */;
			buildPhases = (
				6A29A6BF1E68B7E631CC20D1 /* Check Pods Manifest.lock */,
				D849C0941AF078E4001C01AC /* Sources */,
				D849C0951AF078E4001C01AC /* Frameworks */,
				D849C0961AF078E4001C01AC /* Resources */,
				55DE63D58253E64BDC06F41B /* Embed Pods Frameworks */,
				265C1A8B0686754A21F45E1A /* Copy Pods Resources */,
				848841B31C7F593000929B21 /* ShellScript */,
				14DBA0B21CAE15E100BAB345 /* Embed Frameworks */,
			);
			buildRules = (
			);
			dependencies = (
			);
			name = SISpeciesNotes;
			productName = SISpeciesNotes;
			productReference = D849C0981AF078E4001C01AC /* SISpeciesNotes.app */;
			productType = "com.apple.product-type.application";
		};
		D849C0AC1AF078E4001C01AC /* SISpeciesNotesTests */ = {
			isa = PBXNativeTarget;
			buildConfigurationList = D849C0BA1AF078E4001C01AC /* Build configuration list for PBXNativeTarget "SISpeciesNotesTests" */;
			buildPhases = (
				D849C0A91AF078E4001C01AC /* Sources */,
				D849C0AA1AF078E4001C01AC /* Frameworks */,
				D849C0AB1AF078E4001C01AC /* Resources */,
			);
			buildRules = (
			);
			dependencies = (
				D849C0AF1AF078E4001C01AC /* PBXTargetDependency */,
			);
			name = SISpeciesNotesTests;
			productName = SISpeciesNotesTests;
			productReference = D849C0AD1AF078E4001C01AC /* SISpeciesNotesTests.xctest */;
			productType = "com.apple.product-type.bundle.unit-test";
		};
/* End PBXNativeTarget section */

/* Begin PBXProject section */
		D849C0901AF078E4001C01AC /* Project object */ = {
			isa = PBXProject;
			attributes = {
				LastSwiftMigration = 0710;
				LastSwiftUpdateCheck = 0720;
				LastUpgradeCheck = 0710;
				ORGANIZATIONNAME = "益行人";
				TargetAttributes = {
					840ED9231C4CEE6300420D8C = {
						CreatedOnToolsVersion = 7.2;
					};
					840ED9281C4CF5EF00420D8C = {
						CreatedOnToolsVersion = 7.2;
					};
					D849C0971AF078E4001C01AC = {
						CreatedOnToolsVersion = 6.3.1;
						DevelopmentTeam = 2C4H9T5RF5;
					};
					D849C0AC1AF078E4001C01AC = {
						CreatedOnToolsVersion = 6.3.1;
						TestTargetID = D849C0971AF078E4001C01AC;
					};
				};
			};
			buildConfigurationList = D849C0931AF078E4001C01AC /* Build configuration list for PBXProject "SISpeciesNotes" */;
			compatibilityVersion = "Xcode 3.2";
			developmentRegion = English;
			hasScannedForEncodings = 0;
			knownRegions = (
				en,
				Base,
			);
			mainGroup = D849C08F1AF078E4001C01AC;
			productRefGroup = D849C0991AF078E4001C01AC /* Products */;
			projectDirPath = "";
			projectRoot = "";
			targets = (
				D849C0971AF078E4001C01AC /* SISpeciesNotes */,
				D849C0AC1AF078E4001C01AC /* SISpeciesNotesTests */,
				840ED9231C4CEE6300420D8C /* GenerateDoc */,
				840ED9281C4CF5EF00420D8C /* generateByJazzy */,
			);
		};
/* End PBXProject section */

/* Begin PBXResourcesBuildPhase section */
		D849C0961AF078E4001C01AC /* Resources */ = {
			isa = PBXResourcesBuildPhase;
			buildActionMask = 2147483647;
			files = (
				D849C0A31AF078E4001C01AC /* Main.storyboard in Resources */,
				D849C0A81AF078E4001C01AC /* LaunchScreen.xib in Resources */,
				D849C0A51AF078E4001C01AC /* Images.xcassets in Resources */,
			);
			runOnlyForDeploymentPostprocessing = 0;
		};
		D849C0AB1AF078E4001C01AC /* Resources */ = {
			isa = PBXResourcesBuildPhase;
			buildActionMask = 2147483647;
			files = (
			);
			runOnlyForDeploymentPostprocessing = 0;
		};
/* End PBXResourcesBuildPhase section */

/* Begin PBXShellScriptBuildPhase section */
		265C1A8B0686754A21F45E1A /* Copy Pods Resources */ = {
			isa = PBXShellScriptBuildPhase;
			buildActionMask = 2147483647;
			files = (
			);
			inputPaths = (
			);
			name = "Copy Pods Resources";
			outputPaths = (
			);
			runOnlyForDeploymentPostprocessing = 0;
			shellPath = /bin/sh;
			shellScript = "\"${SRCROOT}/Pods/Target Support Files/Pods/Pods-resources.sh\"\n";
			showEnvVarsInLog = 0;
		};
		55DE63D58253E64BDC06F41B /* Embed Pods Frameworks */ = {
			isa = PBXShellScriptBuildPhase;
			buildActionMask = 2147483647;
			files = (
			);
			inputPaths = (
			);
			name = "Embed Pods Frameworks";
			outputPaths = (
			);
			runOnlyForDeploymentPostprocessing = 0;
			shellPath = /bin/sh;
			shellScript = "\"${SRCROOT}/Pods/Target Support Files/Pods/Pods-frameworks.sh\"\n";
			showEnvVarsInLog = 0;
		};
		6A29A6BF1E68B7E631CC20D1 /* Check Pods Manifest.lock */ = {
			isa = PBXShellScriptBuildPhase;
			buildActionMask = 2147483647;
			files = (
			);
			inputPaths = (
			);
			name = "Check Pods Manifest.lock";
			outputPaths = (
			);
			runOnlyForDeploymentPostprocessing = 0;
			shellPath = /bin/sh;
			shellScript = "diff \"${PODS_ROOT}/../Podfile.lock\" \"${PODS_ROOT}/Manifest.lock\" > /dev/null\nif [[ $? != 0 ]] ; then\n    cat << EOM\nerror: The sandbox is not in sync with the Podfile.lock. Run 'pod install' or update your CocoaPods installation.\nEOM\n    exit 1\nfi\n";
			showEnvVarsInLog = 0;
		};
		840ED9271C4CEE8E00420D8C /* ShellScript */ = {
			isa = PBXShellScriptBuildPhase;
			buildActionMask = 2147483647;
			files = (
			);
			inputPaths = (
			);
			outputPaths = (
			);
			runOnlyForDeploymentPostprocessing = 0;
			shellPath = /bin/sh;
			shellScript = "#appledoc Xcode script\n# Start constants\ncompany=\"北京研搜科技有限公司\";\ncompanyID=\"pyc.com.cn\";\ncompanyURL=\"http://ACME.com\";\ntarget=\"iphoneos\";\n#target=\"macosx\";\noutputPath=\"~/help\";   #生成的文档地址\n# End constants\n\n/usr/local/bin/appledoc \\\n--project-name \"${PROJECT_NAME}\" \\\n--project-company \"${company}\" \\\n--company-id \"${companyID}\" \\\n--docset-atom-filename \"${company}.atom\" \\\n--docset-feed-url \"${companyURL}/${company}/%DOCSETATOMFILENAME\" \\\n--docset-package-url \"${companyURL}/${company}/%DOCSETPACKAGEFILENAME\" \\\n--docset-fallback-url \"${companyURL}/${company}\" \\\n--output \"${outputPath}\" \\\n--publish-docset \\\n--docset-platform-family \"${target}\" \\\n--logformat xcode \\\n--keep-intermediate-files \\\n--no-repeat-first-par \\\n--no-warn-invalid-crossref \\\n--exit-threshold 2 \\\n\"${PROJECT_DIR}\"";
			showEnvVarsInLog = 0;
		};
		840ED92C1C4CF5F400420D8C /* ShellScript */ = {
			isa = PBXShellScriptBuildPhase;
			buildActionMask = 2147483647;
			files = (
			);
			inputPaths = (
			);
			outputPaths = (
			);
			runOnlyForDeploymentPostprocessing = 0;
			shellPath = /bin/sh;
			shellScript = "author=\"huosan\";\nauthor_url=\"http://huos3203.github.io/MyBlog/\";\ngithub_url=\"https://github.com/huos3203\";\nsdk=\"iphone\";\noutput=\"docs/swift_output\";   #生成的文档地址\ndocSetDir=\"/Users/admin/Library/Developer/Shared/Documentation/DocSets/\"\n\njazzy \\\n--objc \\\n--clean \\\n--author \"${author}\" \\\n--author_url \"${author_url}\" \\\n--github_url \"${github_url}\" \\\n--module-version 0.96.2 \\\n--xcodebuild-arguments -scheme,\"${PROJECT_NAME}\" \\\n--module \"${PROJECT_NAME}\" \\\n--sdk  \"${sdk}\" \\\n--output \"${output}\" \\\n#拷贝到xcode文档目录中\necho \"${output}/docsets/${PROJECT_NAME}.docset\"\npwd\ncp -r \"${output}/docsets/${PROJECT_NAME}.docset\" \"${docSetDir}\"";
		};
		848841B31C7F593000929B21 /* ShellScript */ = {
			isa = PBXShellScriptBuildPhase;
			buildActionMask = 8;
			files = (
			);
			inputPaths = (
			);
			outputPaths = (
			);
			runOnlyForDeploymentPostprocessing = 1;
			shellPath = /bin/sh;
			shellScript = "bash \"${BUILT_PRODUCTS_DIR}/${FRAMEWORKS_FOLDER_PATH}/Realm.framework/strip-frameworks.sh\"";
			showEnvVarsInLog = 0;
		};
/* End PBXShellScriptBuildPhase section */

/* Begin PBXSourcesBuildPhase section */
		D849C0941AF078E4001C01AC /* Sources */ = {
			isa = PBXSourcesBuildPhase;
			buildActionMask = 2147483647;
			files = (
				1412DA461C7F0D9F0089E00D /* SpeciesModel.swift in Sources */,
				14D52E4D1CAB818400A0595C /* AddNewEntryController.swift in Sources */,
				1412DA451C7F0D9F0089E00D /* CategoryModel.swift in Sources */,
				14D52E431CAB811F00A0595C /* MapViewExtension.swift in Sources */,
				14D52E4E1CAB818400A0595C /* CategoriesTableViewController.swift in Sources */,
				14B07F411CB52FB300A9B1F9 /* Label+Animation.swift in Sources */,
				14B07EE71CB3BB7800A9B1F9 /* ShadeAnViewController.swift in Sources */,
				14D52E631CAB9F4B00A0595C /* SDEModalTransitionDelegate.swift in Sources */,
				1479CBC41C9668DD00D26433 /* LibraryAPI.swift in Sources */,
				14D52E501CAB818400A0595C /* MapViewController.swift in Sources */,
				14A3C68E1C83EB000065D226 /* readme.md in Sources */,
				1479CBBF1C96600300D26433 /* AlbumView.swift in Sources */,
				847503981C59C70600E804EE /* Bicycle.swift in Sources */,
				14D52E511CAB818400A0595C /* WeiboCollectionViewController.swift in Sources */,
				14D52E531CAB81BB00A0595C /* SpeciesAnnotation.swift in Sources */,
				14B07EE51CB3BB2B00A9B1F9 /* ShadeAnimationViewController.m in Sources */,
				14D52E471CAB812800A0595C /* LogCell.swift in Sources */,
				14D52E4F1CAB818400A0595C /* LogViewController.swift in Sources */,
				14D52E561CAB81D700A0595C /* OverlayAnimationController.swift in Sources */,
				14D52E461CAB812800A0595C /* FlowCell.swift in Sources */,
				D849C09E1AF078E4001C01AC /* AppDelegate.swift in Sources */,
				1479CBBA1C965CCF00D26433 /* Album.swift in Sources */,
			);
			runOnlyForDeploymentPostprocessing = 0;
		};
		D849C0A91AF078E4001C01AC /* Sources */ = {
			isa = PBXSourcesBuildPhase;
			buildActionMask = 2147483647;
			files = (
				D849C0B41AF078E4001C01AC /* SISpeciesNotesTests.swift in Sources */,
				847503971C59C4A200E804EE /* Bicycle.swift in Sources */,
			);
			runOnlyForDeploymentPostprocessing = 0;
		};
/* End PBXSourcesBuildPhase section */

/* Begin PBXTargetDependency section */
		D849C0AF1AF078E4001C01AC /* PBXTargetDependency */ = {
			isa = PBXTargetDependency;
			target = D849C0971AF078E4001C01AC /* SISpeciesNotes */;
			targetProxy = D849C0AE1AF078E4001C01AC /* PBXContainerItemProxy */;
		};
/* End PBXTargetDependency section */

/* Begin PBXVariantGroup section */
		D849C0A11AF078E4001C01AC /* Main.storyboard */ = {
			isa = PBXVariantGroup;
			children = (
				D849C0A21AF078E4001C01AC /* Base */,
			);
			name = Main.storyboard;
			sourceTree = "<group>";
		};
		D849C0A61AF078E4001C01AC /* LaunchScreen.xib */ = {
			isa = PBXVariantGroup;
			children = (
				D849C0A71AF078E4001C01AC /* Base */,
			);
			name = LaunchScreen.xib;
			sourceTree = "<group>";
		};
/* End PBXVariantGroup section */

/* Begin XCBuildConfiguration section */
		840ED9241C4CEE6300420D8C /* Debug */ = {
			isa = XCBuildConfiguration;
			buildSettings = {
				PRODUCT_NAME = "$(TARGET_NAME)";
			};
			name = Debug;
		};
		840ED9251C4CEE6300420D8C /* Release */ = {
			isa = XCBuildConfiguration;
			buildSettings = {
				PRODUCT_NAME = "$(TARGET_NAME)";
			};
			name = Release;
		};
		840ED92A1C4CF5EF00420D8C /* Debug */ = {
			isa = XCBuildConfiguration;
			buildSettings = {
				PRODUCT_NAME = "$(TARGET_NAME)";
			};
			name = Debug;
		};
		840ED92B1C4CF5EF00420D8C /* Release */ = {
			isa = XCBuildConfiguration;
			buildSettings = {
				PRODUCT_NAME = "$(TARGET_NAME)";
			};
			name = Release;
		};
		D849C0B51AF078E4001C01AC /* Debug */ = {
			isa = XCBuildConfiguration;
			buildSettings = {
				ALWAYS_SEARCH_USER_PATHS = NO;
				CLANG_CXX_LANGUAGE_STANDARD = "gnu++0x";
				CLANG_CXX_LIBRARY = "libc++";
				CLANG_ENABLE_MODULES = YES;
				CLANG_ENABLE_OBJC_ARC = YES;
				CLANG_WARN_BOOL_CONVERSION = YES;
				CLANG_WARN_CONSTANT_CONVERSION = YES;
				CLANG_WARN_DIRECT_OBJC_ISA_USAGE = YES_ERROR;
				CLANG_WARN_EMPTY_BODY = YES;
				CLANG_WARN_ENUM_CONVERSION = YES;
				CLANG_WARN_INT_CONVERSION = YES;
				CLANG_WARN_OBJC_ROOT_CLASS = YES_ERROR;
				CLANG_WARN_UNREACHABLE_CODE = YES;
				CLANG_WARN__DUPLICATE_METHOD_MATCH = YES;
				"CODE_SIGN_IDENTITY[sdk=iphoneos*]" = "iPhone Developer";
				COPY_PHASE_STRIP = NO;
				DEBUG_INFORMATION_FORMAT = "dwarf-with-dsym";
				ENABLE_STRICT_OBJC_MSGSEND = YES;
				ENABLE_TESTABILITY = YES;
				GCC_C_LANGUAGE_STANDARD = gnu99;
				GCC_DYNAMIC_NO_PIC = NO;
				GCC_NO_COMMON_BLOCKS = YES;
				GCC_OPTIMIZATION_LEVEL = 0;
				GCC_PREPROCESSOR_DEFINITIONS = (
					"DEBUG=1",
					"$(inherited)",
				);
				GCC_SYMBOLS_PRIVATE_EXTERN = NO;
				GCC_WARN_64_TO_32_BIT_CONVERSION = YES;
				GCC_WARN_ABOUT_RETURN_TYPE = YES_ERROR;
				GCC_WARN_UNDECLARED_SELECTOR = YES;
				GCC_WARN_UNINITIALIZED_AUTOS = YES_AGGRESSIVE;
				GCC_WARN_UNUSED_FUNCTION = YES;
				GCC_WARN_UNUSED_VARIABLE = YES;
				IPHONEOS_DEPLOYMENT_TARGET = 8.3;
				MTL_ENABLE_DEBUG_INFO = YES;
				ONLY_ACTIVE_ARCH = YES;
				SDKROOT = iphoneos;
				SWIFT_OPTIMIZATION_LEVEL = "-Onone";
				TARGETED_DEVICE_FAMILY = "1,2";
			};
			name = Debug;
		};
		D849C0B61AF078E4001C01AC /* Release */ = {
			isa = XCBuildConfiguration;
			buildSettings = {
				ALWAYS_SEARCH_USER_PATHS = NO;
				CLANG_CXX_LANGUAGE_STANDARD = "gnu++0x";
				CLANG_CXX_LIBRARY = "libc++";
				CLANG_ENABLE_MODULES = YES;
				CLANG_ENABLE_OBJC_ARC = YES;
				CLANG_WARN_BOOL_CONVERSION = YES;
				CLANG_WARN_CONSTANT_CONVERSION = YES;
				CLANG_WARN_DIRECT_OBJC_ISA_USAGE = YES_ERROR;
				CLANG_WARN_EMPTY_BODY = YES;
				CLANG_WARN_ENUM_CONVERSION = YES;
				CLANG_WARN_INT_CONVERSION = YES;
				CLANG_WARN_OBJC_ROOT_CLASS = YES_ERROR;
				CLANG_WARN_UNREACHABLE_CODE = YES;
				CLANG_WARN__DUPLICATE_METHOD_MATCH = YES;
				"CODE_SIGN_IDENTITY[sdk=iphoneos*]" = "iPhone Developer";
				COPY_PHASE_STRIP = NO;
				DEBUG_INFORMATION_FORMAT = "dwarf-with-dsym";
				ENABLE_NS_ASSERTIONS = NO;
				ENABLE_STRICT_OBJC_MSGSEND = YES;
				GCC_C_LANGUAGE_STANDARD = gnu99;
				GCC_NO_COMMON_BLOCKS = YES;
				GCC_WARN_64_TO_32_BIT_CONVERSION = YES;
				GCC_WARN_ABOUT_RETURN_TYPE = YES_ERROR;
				GCC_WARN_UNDECLARED_SELECTOR = YES;
				GCC_WARN_UNINITIALIZED_AUTOS = YES_AGGRESSIVE;
				GCC_WARN_UNUSED_FUNCTION = YES;
				GCC_WARN_UNUSED_VARIABLE = YES;
				IPHONEOS_DEPLOYMENT_TARGET = 8.3;
				MTL_ENABLE_DEBUG_INFO = NO;
				SDKROOT = iphoneos;
				TARGETED_DEVICE_FAMILY = "1,2";
				VALIDATE_PRODUCT = YES;
			};
			name = Release;
		};
		D849C0B81AF078E4001C01AC /* Debug */ = {
			isa = XCBuildConfiguration;
			baseConfigurationReference = 1C6BEC9D9ACCC3F198B92E0A /* Pods.debug.xcconfig */;
			buildSettings = {
				ASSETCATALOG_COMPILER_APPICON_NAME = AppIcon;
				CLANG_ENABLE_MODULES = YES;
				CODE_SIGN_IDENTITY = "iPhone Developer";
				DEFINES_MODULE = NO;
				FRAMEWORK_SEARCH_PATHS = (
					"$(inherited)",
					"$(PROJECT_DIR)",
					"$(PROJECT_DIR)/SISpeciesNotes/Frameworks/Realm",
				);
				INFOPLIST_FILE = SISpeciesNotes/Info.plist;
				IPHONEOS_DEPLOYMENT_TARGET = 8.0;
				LD_RUNPATH_SEARCH_PATHS = "$(inherited) @executable_path/Frameworks";
				PRODUCT_BUNDLE_IDENTIFIER = com.cn.pyc;
				PRODUCT_NAME = "$(TARGET_NAME)";
				SWIFT_INSTALL_OBJC_HEADER = YES;
				SWIFT_OBJC_BRIDGING_HEADER = "SISpeciesNotes/SISpeciesNotes-Bridging-Header.h";
				SWIFT_OBJC_INTERFACE_HEADER_NAME = "$(SWIFT_MODULE_NAME)-Swift";
				SWIFT_OPTIMIZATION_LEVEL = "-Onone";
			};
			name = Debug;
		};
		D849C0B91AF078E4001C01AC /* Release */ = {
			isa = XCBuildConfiguration;
			baseConfigurationReference = F006D2C2F402840E923B5FB8 /* Pods.release.xcconfig */;
			buildSettings = {
				ASSETCATALOG_COMPILER_APPICON_NAME = AppIcon;
				CLANG_ENABLE_MODULES = YES;
				CODE_SIGN_IDENTITY = "iPhone Developer";
				DEFINES_MODULE = NO;
				FRAMEWORK_SEARCH_PATHS = (
					"$(inherited)",
					"$(PROJECT_DIR)",
					"$(PROJECT_DIR)/SISpeciesNotes/Frameworks/Realm",
				);
				INFOPLIST_FILE = SISpeciesNotes/Info.plist;
				IPHONEOS_DEPLOYMENT_TARGET = 8.0;
				LD_RUNPATH_SEARCH_PATHS = "$(inherited) @executable_path/Frameworks";
				PRODUCT_BUNDLE_IDENTIFIER = com.cn.pyc;
				PRODUCT_NAME = "$(TARGET_NAME)";
				SWIFT_INSTALL_OBJC_HEADER = YES;
				SWIFT_OBJC_BRIDGING_HEADER = "SISpeciesNotes/SISpeciesNotes-Bridging-Header.h";
				SWIFT_OBJC_INTERFACE_HEADER_NAME = "$(SWIFT_MODULE_NAME)-Swift";
			};
			name = Release;
		};
		D849C0BB1AF078E4001C01AC /* Debug */ = {
			isa = XCBuildConfiguration;
			buildSettings = {
				BUNDLE_LOADER = "$(TEST_HOST)";
				FRAMEWORK_SEARCH_PATHS = (
					"$(SDKROOT)/Developer/Library/Frameworks",
					"$(inherited)",
					"$(PROJECT_DIR)/SISpeciesNotes/Realm0.98.2",
				);
				GCC_PREPROCESSOR_DEFINITIONS = (
					"DEBUG=1",
					"$(inherited)",
				);
				INFOPLIST_FILE = SISpeciesNotesTests/Info.plist;
				LD_RUNPATH_SEARCH_PATHS = "$(inherited) @executable_path/Frameworks @loader_path/Frameworks";
				ONLY_ACTIVE_ARCH = NO;
				PRODUCT_BUNDLE_IDENTIFIER = "com.1-xing.$(PRODUCT_NAME:rfc1034identifier)";
				PRODUCT_NAME = "$(TARGET_NAME)";
				TEST_HOST = "$(BUILT_PRODUCTS_DIR)/SISpeciesNotes.app/SISpeciesNotes";
			};
			name = Debug;
		};
		D849C0BC1AF078E4001C01AC /* Release */ = {
			isa = XCBuildConfiguration;
			buildSettings = {
				BUNDLE_LOADER = "$(TEST_HOST)";
				FRAMEWORK_SEARCH_PATHS = (
					"$(SDKROOT)/Developer/Library/Frameworks",
					"$(inherited)",
					"$(PROJECT_DIR)/SISpeciesNotes/Realm0.98.2",
				);
				INFOPLIST_FILE = SISpeciesNotesTests/Info.plist;
				LD_RUNPATH_SEARCH_PATHS = "$(inherited) @executable_path/Frameworks @loader_path/Frameworks";
				PRODUCT_BUNDLE_IDENTIFIER = "com.1-xing.$(PRODUCT_NAME:rfc1034identifier)";
				PRODUCT_NAME = "$(TARGET_NAME)";
				TEST_HOST = "$(BUILT_PRODUCTS_DIR)/SISpeciesNotes.app/SISpeciesNotes";
			};
			name = Release;
		};
/* End XCBuildConfiguration section */

/* Begin XCConfigurationList section */
		840ED9261C4CEE6300420D8C /* Build configuration list for PBXAggregateTarget "GenerateDoc" */ = {
			isa = XCConfigurationList;
			buildConfigurations = (
				840ED9241C4CEE6300420D8C /* Debug */,
				840ED9251C4CEE6300420D8C /* Release */,
			);
			defaultConfigurationIsVisible = 0;
			defaultConfigurationName = Release;
		};
		840ED9291C4CF5EF00420D8C /* Build configuration list for PBXAggregateTarget "generateByJazzy" */ = {
			isa = XCConfigurationList;
			buildConfigurations = (
				840ED92A1C4CF5EF00420D8C /* Debug */,
				840ED92B1C4CF5EF00420D8C /* Release */,
			);
			defaultConfigurationIsVisible = 0;
			defaultConfigurationName = Release;
		};
		D849C0931AF078E4001C01AC /* Build configuration list for PBXProject "SISpeciesNotes" */ = {
			isa = XCConfigurationList;
			buildConfigurations = (
				D849C0B51AF078E4001C01AC /* Debug */,
				D849C0B61AF078E4001C01AC /* Release */,
			);
			defaultConfigurationIsVisible = 0;
			defaultConfigurationName = Release;
		};
		D849C0B71AF078E4001C01AC /* Build configuration list for PBXNativeTarget "SISpeciesNotes" */ = {
			isa = XCConfigurationList;
			buildConfigurations = (
				D849C0B81AF078E4001C01AC /* Debug */,
				D849C0B91AF078E4001C01AC /* Release */,
			);
			defaultConfigurationIsVisible = 0;
			defaultConfigurationName = Release;
		};
		D849C0BA1AF078E4001C01AC /* Build configuration list for PBXNativeTarget "SISpeciesNotesTests" */ = {
			isa = XCConfigurationList;
			buildConfigurations = (
				D849C0BB1AF078E4001C01AC /* Debug */,
				D849C0BC1AF078E4001C01AC /* Release */,
			);
			defaultConfigurationIsVisible = 0;
			defaultConfigurationName = Release;
		};
/* End XCConfigurationList section */
	};
	rootObject = D849C0901AF078E4001C01AC /* Project object */;
}
